
Microsoft Visual Studio Solution File, Format Version 12.00
# Visual Studio 14
VisualStudioVersion = 14.0.25420.1
MinimumVisualStudioVersion = 10.0.40219.1
Project("{8BC9CEB8-8B4A-11D0-8D11-00A0C91BC942}") = "Client", "Client\Default\Client.vcxproj", "{FC22E561-F290-44BB-8C8C-4819FED9E420}"
	ProjectSection(ProjectDependencies) = postProject
		{166F062F-EDD8-4A0D-9B32-DA661D7F7BB2} = {166F062F-EDD8-4A0D-9B32-DA661D7F7BB2}
	EndProjectSection
EndProject
Project("{8BC9CEB8-8B4A-11D0-8D11-00A0C91BC942}") = "Engine", "Engine\Default\Engine.vcxproj", "{166F062F-EDD8-4A0D-9B32-DA661D7F7BB2}"
EndProject
Project("{8BC9CEB8-8B4A-11D0-8D11-00A0C91BC942}") = "ServerCore", "ServerCore\ServerCore.vcxproj", "{CAC2B122-7251-4759-8D77-04CD547B7348}"
EndProject
Project("{8BC9CEB8-8B4A-11D0-8D11-00A0C91BC942}") = "GameServer", "GameServer\GameServer.vcxproj", "{9C15AF35-521B-4C23-ADE4-F1093D4B649D}"
EndProject
Project("{8BC9CEB8-8B4A-11D0-8D11-00A0C91BC942}") = "DummyClient", "DummyClient\DummyClient.vcxproj", "{22930D9B-6DDB-47DB-998F-C080F7A9CEF7}"
EndProject
Project("{8BC9CEB8-8B4A-11D0-8D11-00A0C91BC942}") = "DummyClient1", "DummyClient1\DummyClient1.vcxproj", "{9FAACAA4-EBDD-4B12-BD60-17239C78BB13}"
EndProject
Project("{8BC9CEB8-8B4A-11D0-8D11-00A0C91BC942}") = "DummyClient2", "DummyClient3\DummyClient3.vcxproj", "{DA30113D-35AE-4991-8E67-39BE3E133CD3}"
EndProject
Global
	GlobalSection(SolutionConfigurationPlatforms) = preSolution
		Debug|x64 = Debug|x64
		Debug|x86 = Debug|x86
		Release|x64 = Release|x64
		Release|x86 = Release|x86
	EndGlobalSection
	GlobalSection(ProjectConfigurationPlatforms) = postSolution
		{FC22E561-F290-44BB-8C8C-4819FED9E420}.Debug|x64.ActiveCfg = Debug|x64
		{FC22E561-F290-44BB-8C8C-4819FED9E420}.Debug|x64.Build.0 = Debug|x64
		{FC22E561-F290-44BB-8C8C-4819FED9E420}.Debug|x86.ActiveCfg = Debug|Win32
		{FC22E561-F290-44BB-8C8C-4819FED9E420}.Debug|x86.Build.0 = Debug|Win32
		{FC22E561-F290-44BB-8C8C-4819FED9E420}.Release|x64.ActiveCfg = Release|x64
		{FC22E561-F290-44BB-8C8C-4819FED9E420}.Release|x64.Build.0 = Release|x64
		{FC22E561-F290-44BB-8C8C-4819FED9E420}.Release|x86.ActiveCfg = Release|Win32
		{FC22E561-F290-44BB-8C8C-4819FED9E420}.Release|x86.Build.0 = Release|Win32
		{166F062F-EDD8-4A0D-9B32-DA661D7F7BB2}.Debug|x64.ActiveCfg = Debug|x64
		{166F062F-EDD8-4A0D-9B32-DA661D7F7BB2}.Debug|x64.Build.0 = Debug|x64
		{166F062F-EDD8-4A0D-9B32-DA661D7F7BB2}.Debug|x86.ActiveCfg = Debug|Win32
		{166F062F-EDD8-4A0D-9B32-DA661D7F7BB2}.Debug|x86.Build.0 = Debug|Win32
		{166F062F-EDD8-4A0D-9B32-DA661D7F7BB2}.Release|x64.ActiveCfg = Release|x64
		{166F062F-EDD8-4A0D-9B32-DA661D7F7BB2}.Release|x64.Build.0 = Release|x64
		{166F062F-EDD8-4A0D-9B32-DA661D7F7BB2}.Release|x86.ActiveCfg = Release|Win32
		{166F062F-EDD8-4A0D-9B32-DA661D7F7BB2}.Release|x86.Build.0 = Release|Win32
		{CAC2B122-7251-4759-8D77-04CD547B7348}.Debug|x64.ActiveCfg = Debug|x64
		{CAC2B122-7251-4759-8D77-04CD547B7348}.Debug|x64.Build.0 = Debug|x64
		{CAC2B122-7251-4759-8D77-04CD547B7348}.Debug|x86.ActiveCfg = Debug|Win32
		{CAC2B122-7251-4759-8D77-04CD547B7348}.Debug|x86.Build.0 = Debug|Win32
		{CAC2B122-7251-4759-8D77-04CD547B7348}.Release|x64.ActiveCfg = Release|x64
		{CAC2B122-7251-4759-8D77-04CD547B7348}.Release|x64.Build.0 = Release|x64
		{CAC2B122-7251-4759-8D77-04CD547B7348}.Release|x86.ActiveCfg = Release|Win32
		{CAC2B122-7251-4759-8D77-04CD547B7348}.Release|x86.Build.0 = Release|Win32
		{9C15AF35-521B-4C23-ADE4-F1093D4B649D}.Debug|x64.ActiveCfg = Debug|x64
		{9C15AF35-521B-4C23-ADE4-F1093D4B649D}.Debug|x64.Build.0 = Debug|x64
		{9C15AF35-521B-4C23-ADE4-F1093D4B649D}.Debug|x86.ActiveCfg = Debug|Win32
		{9C15AF35-521B-4C23-ADE4-F1093D4B649D}.Debug|x86.Build.0 = Debug|Win32
		{9C15AF35-521B-4C23-ADE4-F1093D4B649D}.Release|x64.ActiveCfg = Release|x64
		{9C15AF35-521B-4C23-ADE4-F1093D4B649D}.Release|x64.Build.0 = Release|x64
		{9C15AF35-521B-4C23-ADE4-F1093D4B649D}.Release|x86.ActiveCfg = Release|Win32
		{9C15AF35-521B-4C23-ADE4-F1093D4B649D}.Release|x86.Build.0 = Release|Win32
		{22930D9B-6DDB-47DB-998F-C080F7A9CEF7}.Debug|x64.ActiveCfg = Debug|x64
		{22930D9B-6DDB-47DB-998F-C080F7A9CEF7}.Debug|x64.Build.0 = Debug|x64
		{22930D9B-6DDB-47DB-998F-C080F7A9CEF7}.Debug|x86.ActiveCfg = Debug|Win32
		{22930D9B-6DDB-47DB-998F-C080F7A9CEF7}.Debug|x86.Build.0 = Debug|Win32
		{22930D9B-6DDB-47DB-998F-C080F7A9CEF7}.Release|x64.ActiveCfg = Release|x64
		{22930D9B-6DDB-47DB-998F-C080F7A9CEF7}.Release|x64.Build.0 = Release|x64
		{22930D9B-6DDB-47DB-998F-C080F7A9CEF7}.Release|x86.ActiveCfg = Release|Win32
		{22930D9B-6DDB-47DB-998F-C080F7A9CEF7}.Release|x86.Build.0 = Release|Win32
		{9FAACAA4-EBDD-4B12-BD60-17239C78BB13}.Debug|x64.ActiveCfg = Debug|x64
		{9FAACAA4-EBDD-4B12-BD60-17239C78BB13}.Debug|x64.Build.0 = Debug|x64
		{9FAACAA4-EBDD-4B12-BD60-17239C78BB13}.Debug|x86.ActiveCfg = Debug|Win32
		{9FAACAA4-EBDD-4B12-BD60-17239C78BB13}.Debug|x86.Build.0 = Debug|Win32
		{9FAACAA4-EBDD-4B12-BD60-17239C78BB13}.Release|x64.ActiveCfg = Release|x64
		{9FAACAA4-EBDD-4B12-BD60-17239C78BB13}.Release|x64.Build.0 = Release|x64
		{9FAACAA4-EBDD-4B12-BD60-17239C78BB13}.Release|x86.ActiveCfg = Release|Win32
		{9FAACAA4-EBDD-4B12-BD60-17239C78BB13}.Release|x86.Build.0 = Release|Win32
		{DA30113D-35AE-4991-8E67-39BE3E133CD3}.Debug|x64.ActiveCfg = Debug|x64
		{DA30113D-35AE-4991-8E67-39BE3E133CD3}.Debug|x64.Build.0 = Debug|x64
		{DA30113D-35AE-4991-8E67-39BE3E133CD3}.Debug|x86.ActiveCfg = Debug|Win32
		{DA30113D-35AE-4991-8E67-39BE3E133CD3}.Debug|x86.Build.0 = Debug|Win32
		{DA30113D-35AE-4991-8E67-39BE3E133CD3}.Release|x64.ActiveCfg = Release|x64
		{DA30113D-35AE-4991-8E67-39BE3E133CD3}.Release|x64.Build.0 = Release|x64
		{DA30113D-35AE-4991-8E67-39BE3E133CD3}.Release|x86.ActiveCfg = Release|Win32
		{DA30113D-35AE-4991-8E67-39BE3E133CD3}.Release|x86.Build.0 = Release|Win32
	EndGlobalSection
	GlobalSection(SolutionProperties) = preSolution
		HideSolutionNode = FALSE
	EndGlobalSection
EndGlobal
