<?xml version="1.0" encoding="utf-8"?>
<Project ToolsVersion="4.0" xmlns="http://schemas.microsoft.com/developer/msbuild/2003">
  <ItemGroup>
    <Filter Include="99.Defines">
      <UniqueIdentifier>{28bcf1ca-5f1c-4e07-a540-09ad25771349}</UniqueIdentifier>
    </Filter>
    <Filter Include="98.Default">
      <UniqueIdentifier>{0ab56a2a-3fff-43ca-9fb6-c65344be4997}</UniqueIdentifier>
    </Filter>
    <Filter Include="00.MainApp">
      <UniqueIdentifier>{612d8d26-b016-4e58-8379-cd50509c1691}</UniqueIdentifier>
    </Filter>
    <Filter Include="01.Levels">
      <UniqueIdentifier>{b4f73262-606c-417f-8f5a-dbe51f83d2d2}</UniqueIdentifier>
    </Filter>
    <Filter Include="01.Levels\01.Logo">
      <UniqueIdentifier>{26344aaf-cba4-47a2-b6b2-b717d86a6fbb}</UniqueIdentifier>
    </Filter>
    <Filter Include="01.Levels\02.GamePlay">
      <UniqueIdentifier>{22df0cdb-5b80-4341-b095-9cf9d96f954c}</UniqueIdentifier>
    </Filter>
    <Filter Include="02.GameObjects">
      <UniqueIdentifier>{e41e8875-419b-4b63-9229-2273345ad05a}</UniqueIdentifier>
    </Filter>
    <Filter Include="02.GameObjects\BackGround">
      <UniqueIdentifier>{4802a01c-abcc-4482-81b4-37cfe572eb1d}</UniqueIdentifier>
    </Filter>
    <Filter Include="97.ShaderFiles">
      <UniqueIdentifier>{9a0f34b9-2838-4e5d-87a4-eb8bf6420099}</UniqueIdentifier>
    </Filter>
    <Filter Include="02.GameObjects\Terrain">
      <UniqueIdentifier>{f3c0df30-d83d-4caf-8604-41033dbb6dda}</UniqueIdentifier>
    </Filter>
    <Filter Include="02.GameObjects\Camera">
      <UniqueIdentifier>{b9ad9fc5-4efa-4624-ba10-b57dc2aed216}</UniqueIdentifier>
    </Filter>
    <Filter Include="60.Imgui_Tool">
      <UniqueIdentifier>{85ff1459-425a-481b-94c7-219365c9560b}</UniqueIdentifier>
    </Filter>
    <Filter Include="01.Levels\09.Loading">
      <UniqueIdentifier>{6abbaa16-8bc8-461f-8735-0319bc01de78}</UniqueIdentifier>
    </Filter>
    <Filter Include="01.Levels\11.MapTool">
      <UniqueIdentifier>{84081658-bca1-4e23-b241-c3da9eb7f47e}</UniqueIdentifier>
    </Filter>
    <Filter Include="02.GameObjects\Player">
      <UniqueIdentifier>{e087c335-2441-4c1d-a430-11f6b36cb587}</UniqueIdentifier>
    </Filter>
    <Filter Include="01.Levels\12.ModelConverter">
      <UniqueIdentifier>{d4f8c3f8-ee01-487f-97ab-2e7eeca793f7}</UniqueIdentifier>
    </Filter>
    <Filter Include="02.GameObjects\Terrain\Floor">
      <UniqueIdentifier>{457b7114-12fd-419a-9caf-a4d1e41fe231}</UniqueIdentifier>
    </Filter>
    <Filter Include="50.Component">
      <UniqueIdentifier>{56db190c-ebe8-448a-903c-253661590352}</UniqueIdentifier>
    </Filter>
    <Filter Include="50.Component\01.Controller">
      <UniqueIdentifier>{4baa4870-6b25-4339-bab6-c90b2f38585d}</UniqueIdentifier>
    </Filter>
    <Filter Include="02.GameObjects\Utils">
      <UniqueIdentifier>{e43a5553-63b8-4a96-b4ce-5200866e65c3}</UniqueIdentifier>
    </Filter>
    <Filter Include="02.GameObjects\Map">
      <UniqueIdentifier>{077f01dd-6710-47b5-8696-d247d8c97324}</UniqueIdentifier>
    </Filter>
    <Filter Include="01.Levels\13.AnimationModifier">
      <UniqueIdentifier>{e61324b3-b73d-4519-8aa0-641457bc1944}</UniqueIdentifier>
    </Filter>
    <Filter Include="01.Levels\03.MutliPlay">
      <UniqueIdentifier>{acaa07ef-f95d-413a-a9d1-868906b549f6}</UniqueIdentifier>
    </Filter>
    <Filter Include="97.ShaderFiles\UI">
      <UniqueIdentifier>{c246b417-3f4c-4172-a39e-ec805840abf0}</UniqueIdentifier>
    </Filter>
    <Filter Include="VFX">
      <UniqueIdentifier>{52e643f7-d9fc-40e1-815a-d74acef301ab}</UniqueIdentifier>
    </Filter>
    <Filter Include="97.ShaderFiles\VFX">
      <UniqueIdentifier>{c17249d2-0829-4a8d-8fa2-6268013e3cc0}</UniqueIdentifier>
    </Filter>
    <Filter Include="01.Levels\14.EffectTool">
      <UniqueIdentifier>{cb237c72-7e46-4d9a-980b-70bd8a509dc4}</UniqueIdentifier>
    </Filter>
    <Filter Include="97.ShaderFiles\PostProcess">
      <UniqueIdentifier>{297a4e23-345b-4c8d-9cec-57b2d352b928}</UniqueIdentifier>
    </Filter>
    <Filter Include="97.ShaderFiles\PostProcess\HDR">
      <UniqueIdentifier>{4f795ce5-9346-4c39-9e4e-189727973b5e}</UniqueIdentifier>
    </Filter>
    <Filter Include="VFX\PostProcess">
      <UniqueIdentifier>{f505f69e-d359-4776-b641-205a88061fc0}</UniqueIdentifier>
    </Filter>
    <Filter Include="VFX\Effect">
      <UniqueIdentifier>{c330387c-a0c6-4612-a913-4f632625d59d}</UniqueIdentifier>
    </Filter>
    <Filter Include="97.ShaderFiles\Shadow">
      <UniqueIdentifier>{de99238f-264e-4f79-877c-728ea5e89b86}</UniqueIdentifier>
    </Filter>
    <Filter Include="02.GameObjects\Player\AnimInstance">
      <UniqueIdentifier>{f7c4a316-58ff-44eb-bc6b-94195c17f0cd}</UniqueIdentifier>
    </Filter>
    <Filter Include="01.Levels\20.PlayerTester">
      <UniqueIdentifier>{c5cff968-b07f-4b9d-86c2-f5fbff38b7af}</UniqueIdentifier>
    </Filter>
    <Filter Include="VFX\Effect\Buffer">
      <UniqueIdentifier>{0bbf6939-4dc5-4c48-b628-d37bd98dc4e5}</UniqueIdentifier>
    </Filter>
    <Filter Include="VFX\Effect\Parent">
      <UniqueIdentifier>{ebd31f6e-1e78-408a-9670-616c928bb21b}</UniqueIdentifier>
    </Filter>
    <Filter Include="02.GameObjects\UI">
      <UniqueIdentifier>{cd40877e-1d57-40a8-aa94-2c831bd55b5f}</UniqueIdentifier>
    </Filter>
    <Filter Include="01.Levels\15. UITool">
      <UniqueIdentifier>{5357e7ff-329d-4daf-8dae-a5f0aa71bc95}</UniqueIdentifier>
    </Filter>
    <Filter Include="02.GameObjects\UI\Front_UI">
      <UniqueIdentifier>{dbe3d603-c8a0-4590-96fa-f2a387abb7b8}</UniqueIdentifier>
    </Filter>
    <Filter Include="02.GameObjects\Camera\CamSpot">
      <UniqueIdentifier>{b280be19-5c98-4da2-b901-ddc4e17635f3}</UniqueIdentifier>
    </Filter>
    <Filter Include="02.GameObjects\Monster">
      <UniqueIdentifier>{2dcdfb98-a83e-4081-837c-3a6545dabb97}</UniqueIdentifier>
    </Filter>
    <Filter Include="01.Levels\50.MonsterTest">
      <UniqueIdentifier>{56794968-d655-499b-a8e5-20af1ee1495e}</UniqueIdentifier>
    </Filter>
    <Filter Include="02.GameObjects\Monster\FlowerLeg">
      <UniqueIdentifier>{3386faa1-76ca-4e3d-88fc-b10d3335d21c}</UniqueIdentifier>
    </Filter>
    <Filter Include="02.GameObjects\Monster\TestMonster%28Goat%29">
      <UniqueIdentifier>{745e34b2-083b-4b07-a6e4-087ec47d99ea}</UniqueIdentifier>
    </Filter>
    <Filter Include="02.GameObjects\Monster\BuddyLumi">
      <UniqueIdentifier>{e601f17e-3211-4b5c-9124-ad399b6dceac}</UniqueIdentifier>
    </Filter>
    <Filter Include="02.GameObjects\Monster\BuddyLumi\BdLm_AnimInstance">
      <UniqueIdentifier>{d8041f1a-6290-470e-af61-3a587d8fc4c9}</UniqueIdentifier>
    </Filter>
    <Filter Include="02.GameObjects\Monster\FlowerLeg\FL_AnimInstance">
      <UniqueIdentifier>{af66fe60-49a3-4fbb-ad06-68cc0dec429b}</UniqueIdentifier>
    </Filter>
    <Filter Include="01.Levels\02.GamePlay\01.Tutorial">
      <UniqueIdentifier>{0ce87f0a-cfa9-4fa6-8ec1-62c4bf61ba72}</UniqueIdentifier>
    </Filter>
    <Filter Include="96.Test">
      <UniqueIdentifier>{057aa277-d73a-4379-bf1d-ed33bde7fe89}</UniqueIdentifier>
    </Filter>
    <Filter Include="02.GameObjects\Monster\SkummyPool">
      <UniqueIdentifier>{773075e2-bc28-4393-8e82-36474691f893}</UniqueIdentifier>
    </Filter>
    <Filter Include="02.GameObjects\Monster\SkummyPool\SkmP_AnimInstance">
      <UniqueIdentifier>{d05ad475-8f00-4e1d-a167-7bb09014504b}</UniqueIdentifier>
    </Filter>
    <Filter Include="02.GameObjects\UI\Front_UI\Drive">
      <UniqueIdentifier>{2a9015c3-ac89-4688-ba20-5af55c1b4601}</UniqueIdentifier>
    </Filter>
    <Filter Include="02.GameObjects\UI\Front_UI\Item">
      <UniqueIdentifier>{46619585-dc48-4000-9f31-5617ce206aab}</UniqueIdentifier>
    </Filter>
    <Filter Include="02.GameObjects\UI\Front_UI\PlayerInfo">
      <UniqueIdentifier>{1288607c-59a4-4427-b040-1ed8b21a4858}</UniqueIdentifier>
    </Filter>
    <Filter Include="02.GameObjects\UI\Front_UI\SASInfo">
      <UniqueIdentifier>{ea0a820a-4dc8-4972-9330-a21a848385ce}</UniqueIdentifier>
    </Filter>
    <Filter Include="02.GameObjects\UI\Front_UI\SASSkill">
      <UniqueIdentifier>{c433f14c-0edc-4775-926f-8a988efc503e}</UniqueIdentifier>
    </Filter>
  </ItemGroup>
  <ItemGroup>
    <Text Include="ReadMe.txt" />
  </ItemGroup>
  <ItemGroup>
    <ClInclude Include="Client.h">
      <Filter>98.Default</Filter>
    </ClInclude>
    <ClInclude Include="Resource.h">
      <Filter>98.Default</Filter>
    </ClInclude>
    <ClInclude Include="stdafx.h">
      <Filter>98.Default</Filter>
    </ClInclude>
    <ClInclude Include="targetver.h">
      <Filter>98.Default</Filter>
    </ClInclude>
    <ClInclude Include="..\public\MainApp.h">
      <Filter>00.MainApp</Filter>
    </ClInclude>
    <ClInclude Include="..\public\Client_Defines.h">
      <Filter>99.Defines</Filter>
    </ClInclude>
    <ClInclude Include="..\public\Level_Logo.h">
      <Filter>01.Levels\01.Logo</Filter>
    </ClInclude>
    <ClInclude Include="..\public\Level_GamePlay.h">
      <Filter>01.Levels\02.GamePlay</Filter>
    </ClInclude>
    <ClInclude Include="..\public\BackGround.h">
      <Filter>02.GameObjects\BackGround</Filter>
    </ClInclude>
    <ClInclude Include="..\public\Terrain.h">
      <Filter>02.GameObjects\Terrain</Filter>
    </ClInclude>
    <ClInclude Include="..\public\Camera_Dynamic.h">
      <Filter>02.GameObjects\Camera</Filter>
    </ClInclude>
    <ClInclude Include="..\public\Imgui_MapEditor.h">
      <Filter>60.Imgui_Tool</Filter>
    </ClInclude>
    <ClInclude Include="..\public\Level_Loading_Simple.h">
      <Filter>01.Levels\09.Loading</Filter>
    </ClInclude>
    <ClInclude Include="..\public\Level_Maptool.h">
      <Filter>01.Levels\11.MapTool</Filter>
    </ClInclude>
    <ClInclude Include="..\public\Imgui_LevelSwitcher.h">
      <Filter>60.Imgui_Tool</Filter>
    </ClInclude>
    <ClInclude Include="..\public\Level_Converter.h">
      <Filter>01.Levels\12.ModelConverter</Filter>
    </ClInclude>
    <ClInclude Include="..\public\Floors.h">
      <Filter>02.GameObjects\Terrain\Floor</Filter>
    </ClInclude>
    <ClInclude Include="..\public\FPSCamera.h">
      <Filter>02.GameObjects\Camera</Filter>
    </ClInclude>
    <ClInclude Include="..\public\Controller.h">
      <Filter>50.Component\01.Controller</Filter>
    </ClInclude>
    <ClInclude Include="..\public\ClientUtils.h">
      <Filter>99.Defines</Filter>
    </ClInclude>
    <ClInclude Include="..\Bin\ShaderFiles\Shader_Defines.h">
      <Filter>97.ShaderFiles</Filter>
    </ClInclude>
    <ClInclude Include="..\public\Indicator.h">
      <Filter>02.GameObjects\Utils</Filter>
    </ClInclude>
    <ClInclude Include="..\public\Level_AnimModify.h">
      <Filter>01.Levels\13.AnimationModifier</Filter>
    </ClInclude>
    <ClInclude Include="..\public\Level_MultiPlay.h">
      <Filter>01.Levels\03.MutliPlay</Filter>
    </ClInclude>
    <ClInclude Include="..\public\Level_Loading_MultiPlay.h">
      <Filter>01.Levels\09.Loading</Filter>
    </ClInclude>
    <ClInclude Include="..\public\SkyBox.h">
      <Filter>02.GameObjects\Map</Filter>
    </ClInclude>
    <ClInclude Include="..\Bin\ShaderFiles\Shader_Params.h">
      <Filter>97.ShaderFiles</Filter>
    </ClInclude>
    <ClInclude Include="..\Bin\ShaderFiles\Shader_Utils.h">
      <Filter>97.ShaderFiles</Filter>
    </ClInclude>
    <ClInclude Include="..\public\Level_Effect.h">
      <Filter>01.Levels\14.EffectTool</Filter>
    </ClInclude>
    <ClInclude Include="..\public\PostVFX_WhiteOut.h">
      <Filter>VFX\PostProcess</Filter>
    </ClInclude>
    <ClInclude Include="..\Public\Player.h">
      <Filter>02.GameObjects\Player</Filter>
    </ClInclude>
    <ClInclude Include="..\public\BaseAnimInstance.h">
      <Filter>02.GameObjects\Player\AnimInstance</Filter>
    </ClInclude>
    <ClInclude Include="..\public\Level_PlayerTest.h">
      <Filter>01.Levels\20.PlayerTester</Filter>
    </ClInclude>
    <ClInclude Include="..\public\VIBuffer_CircleRect.h">
      <Filter>VFX\Effect\Buffer</Filter>
    </ClInclude>
    <ClInclude Include="..\public\VIBuffer_CircleRectLookOut.h">
      <Filter>VFX\Effect\Buffer</Filter>
    </ClInclude>
    <ClInclude Include="..\public\Effect.h">
      <Filter>VFX\Effect\Parent</Filter>
    </ClInclude>
    <ClInclude Include="..\public\ScarletMap.h">
      <Filter>02.GameObjects\Map</Filter>
    </ClInclude>
    <ClInclude Include="..\Public\Player.h">
      <Filter>02.GameObjects\Player</Filter>
    </ClInclude>
    <ClInclude Include="..\public\EffectSystem.h" />
    <ClInclude Include="..\public\Canvas.h">
      <Filter>02.GameObjects\UI</Filter>
    </ClInclude>
    <ClInclude Include="..\public\UI.h">
      <Filter>02.GameObjects\UI</Filter>
    </ClInclude>
    <ClInclude Include="..\public\Level_UI.h">
      <Filter>01.Levels\15. UITool</Filter>
    </ClInclude>
    <ClInclude Include="..\public\DefaultUI.h">
      <Filter>02.GameObjects\UI</Filter>
    </ClInclude>
    <ClInclude Include="..\public\ButtonUI.h">
      <Filter>02.GameObjects\UI</Filter>
    </ClInclude>
    <ClInclude Include="..\public\MapNonAnim_Object.h" />
    <ClInclude Include="..\public\MapObject.h" />
    <ClInclude Include="..\public\ScarletMap.h" />
    <ClInclude Include="..\public\Psychokinesis.h" />
    <ClInclude Include="..\public\Canvas_Drive.h">
      <Filter>02.GameObjects\UI\Front_UI\Drive</Filter>
    </ClInclude>
    <ClInclude Include="..\public\Canvas_Item.h">
      <Filter>02.GameObjects\UI\Front_UI\Item</Filter>
    </ClInclude>
    <ClInclude Include="..\public\Canvas_PlayerInfo.h">
      <Filter>02.GameObjects\UI\Front_UI\PlayerInfo</Filter>
    </ClInclude>
    <ClInclude Include="..\public\Canvas_SASInfo.h">
      <Filter>02.GameObjects\UI\Front_UI\SASInfo</Filter>
    </ClInclude>
    <ClInclude Include="..\public\Canvas_SASSkill.h">
      <Filter>02.GameObjects\UI\Front_UI\SASSkill</Filter>
    </ClInclude>
    <ClInclude Include="..\public\SASSkillIconUI.h">
      <Filter>02.GameObjects\UI\Front_UI\SASSkill</Filter>
    </ClInclude>
    <ClInclude Include="..\public\SASSkillGaugeUI.h">
      <Filter>02.GameObjects\UI\Front_UI\SASSkill</Filter>
    </ClInclude>
    <ClInclude Include="..\public\SASSkillLightUI.h">
      <Filter>02.GameObjects\UI\Front_UI\SASSkill</Filter>
    </ClInclude>
    <ClInclude Include="..\public\SASSkillFullCircleUI.h">
      <Filter>02.GameObjects\UI\Front_UI\SASSkill</Filter>
    </ClInclude>
    <ClInclude Include="..\public\Camera_Player.h">
      <Filter>02.GameObjects\Camera</Filter>
    </ClInclude>
    <ClInclude Include="..\public\CamSpot.h">
      <Filter>02.GameObjects\Camera\CamSpot</Filter>
    </ClInclude>
    <ClInclude Include="..\public\TestMonster.h">
      <Filter>02.GameObjects\Monster\TestMonster%28Goat%29</Filter>
    </ClInclude>
    <ClInclude Include="..\public\Level_EnemiesTest.h">
      <Filter>01.Levels\50.MonsterTest</Filter>
    </ClInclude>
    <ClInclude Include="..\public\FlowerLeg.h">
      <Filter>02.GameObjects\Monster\FlowerLeg</Filter>
    </ClInclude>
    <ClInclude Include="..\public\BuddyLumi.h">
      <Filter>02.GameObjects\Monster\BuddyLumi</Filter>
    </ClInclude>
    <ClInclude Include="..\public\BdLm_AnimInstance.h">
      <Filter>02.GameObjects\Monster\BuddyLumi\BdLm_AnimInstance</Filter>
    </ClInclude>
    <ClInclude Include="..\public\FL_AnimInstance.h">
      <Filter>02.GameObjects\Monster\FlowerLeg\FL_AnimInstance</Filter>
    </ClInclude>
    <ClInclude Include="..\public\Level_Tutorial.h">
      <Filter>01.Levels\02.GamePlay\01.Tutorial</Filter>
    </ClInclude>
    <ClInclude Include="..\public\TestObject.h">
      <Filter>96.Test</Filter>
    </ClInclude>
    <ClInclude Include="..\public\SkummyPool.h">
      <Filter>02.GameObjects\Monster\SkummyPool</Filter>
    </ClInclude>
    <ClInclude Include="..\public\SkmP_AnimInstance.h">
      <Filter>02.GameObjects\Monster\SkummyPool\SkmP_AnimInstance</Filter>
    </ClInclude>
    <ClInclude Include="..\public\Monster.h" />
    <ClInclude Include="..\public\ScarletCharacter.h" />
    <ClInclude Include="..\public\MapNonAnim_Object.h" />
    <ClInclude Include="..\public\MapObject.h" />
    <ClInclude Include="..\public\Psychokinesis.h" />
    <ClInclude Include="..\public\SASSkillDefaultUI.h">
      <Filter>02.GameObjects\UI\Front_UI\SASSkill</Filter>
    </ClInclude>
  </ItemGroup>
  <ItemGroup>
    <ClCompile Include="Client.cpp">
      <Filter>98.Default</Filter>
    </ClCompile>
    <ClCompile Include="stdafx.cpp">
      <Filter>98.Default</Filter>
    </ClCompile>
    <ClCompile Include="..\private\MainApp.cpp">
      <Filter>00.MainApp</Filter>
    </ClCompile>
    <ClCompile Include="..\private\Level_Logo.cpp">
      <Filter>01.Levels\01.Logo</Filter>
    </ClCompile>
    <ClCompile Include="..\private\Level_GamePlay.cpp">
      <Filter>01.Levels\02.GamePlay</Filter>
    </ClCompile>
    <ClCompile Include="..\private\BackGround.cpp">
      <Filter>02.GameObjects\BackGround</Filter>
    </ClCompile>
    <ClCompile Include="..\private\Terrain.cpp">
      <Filter>02.GameObjects\Terrain</Filter>
    </ClCompile>
    <ClCompile Include="..\private\Camera_Dynamic.cpp">
      <Filter>02.GameObjects\Camera</Filter>
    </ClCompile>
    <ClCompile Include="..\private\Imgui_MapEditor.cpp">
      <Filter>60.Imgui_Tool</Filter>
    </ClCompile>
    <ClCompile Include="..\private\Level_Loading_Simple.cpp">
      <Filter>01.Levels\09.Loading</Filter>
    </ClCompile>
    <ClCompile Include="..\private\Level_Maptool.cpp">
      <Filter>01.Levels\11.MapTool</Filter>
    </ClCompile>
    <ClCompile Include="..\private\Imgui_LevelSwitcher.cpp">
      <Filter>60.Imgui_Tool</Filter>
    </ClCompile>
    <ClCompile Include="..\private\Level_Converter.cpp">
      <Filter>01.Levels\12.ModelConverter</Filter>
    </ClCompile>
    <ClCompile Include="..\private\Floors.cpp">
      <Filter>02.GameObjects\Terrain\Floor</Filter>
    </ClCompile>
    <ClCompile Include="..\private\FPSCamera.cpp">
      <Filter>02.GameObjects\Camera</Filter>
    </ClCompile>
    <ClCompile Include="..\private\Controller.cpp">
      <Filter>50.Component\01.Controller</Filter>
    </ClCompile>
    <ClCompile Include="..\private\ClientUtils.cpp">
      <Filter>99.Defines</Filter>
    </ClCompile>
    <ClCompile Include="..\private\Indicator.cpp">
      <Filter>02.GameObjects\Utils</Filter>
    </ClCompile>
    <ClCompile Include="..\private\Level_AnimModify.cpp">
      <Filter>01.Levels\13.AnimationModifier</Filter>
    </ClCompile>
    <ClCompile Include="..\private\Level_MultiPlay.cpp">
      <Filter>01.Levels\03.MutliPlay</Filter>
    </ClCompile>
    <ClCompile Include="..\private\Level_Loading_MultiPlay.cpp">
      <Filter>01.Levels\09.Loading</Filter>
    </ClCompile>
    <ClCompile Include="..\private\SkyBox.cpp">
      <Filter>02.GameObjects\Map</Filter>
    </ClCompile>
    <ClCompile Include="..\private\Level_Effect.cpp">
      <Filter>01.Levels\14.EffectTool</Filter>
    </ClCompile>
    <ClCompile Include="..\private\PostVFX_WhiteOut.cpp">
      <Filter>VFX\PostProcess</Filter>
    </ClCompile>
    <ClCompile Include="..\Private\Player.cpp">
      <Filter>02.GameObjects\Player</Filter>
    </ClCompile>
    <ClCompile Include="..\private\BaseAnimInstance.cpp">
      <Filter>02.GameObjects\Player\AnimInstance</Filter>
    </ClCompile>
    <ClCompile Include="..\private\Level_PlayerTest.cpp">
      <Filter>01.Levels\20.PlayerTester</Filter>
    </ClCompile>
    <ClCompile Include="..\private\VIBuffer_CircleRect.cpp">
      <Filter>VFX\Effect\Buffer</Filter>
    </ClCompile>
    <ClCompile Include="..\private\VIBuffer_CircleRectLookOut.cpp">
      <Filter>VFX\Effect\Buffer</Filter>
    </ClCompile>
    <ClCompile Include="..\private\Effect.cpp">
      <Filter>VFX\Effect\Parent</Filter>
    </ClCompile>
    <ClCompile Include="..\private\ScarletMap.cpp">
      <Filter>02.GameObjects\Map</Filter>
    </ClCompile>
    <ClCompile Include="..\Private\Player.cpp">
      <Filter>02.GameObjects\Player</Filter>
    </ClCompile>
    <ClCompile Include="..\private\EffectSystem.cpp" />
    <ClCompile Include="..\private\Canvas.cpp">
      <Filter>02.GameObjects\UI</Filter>
    </ClCompile>
    <ClCompile Include="..\private\UI.cpp">
      <Filter>02.GameObjects\UI</Filter>
    </ClCompile>
    <ClCompile Include="..\private\Level_UI.cpp">
      <Filter>01.Levels\15. UITool</Filter>
    </ClCompile>
    <ClCompile Include="..\private\DefaultUI.cpp">
      <Filter>02.GameObjects\UI</Filter>
    </ClCompile>
    <ClCompile Include="..\private\ButtonUI.cpp">
      <Filter>02.GameObjects\UI</Filter>
    </ClCompile>
    <ClCompile Include="..\private\MapNonAnim_Object.cpp" />
    <ClCompile Include="..\private\MapObject.cpp" />
    <ClCompile Include="..\private\ScarletMap.cpp" />
    <ClCompile Include="..\private\Psychokinesis.cpp" />
    <ClCompile Include="..\private\Canvas_Drive.cpp">
      <Filter>02.GameObjects\UI\Front_UI\Drive</Filter>
    </ClCompile>
    <ClCompile Include="..\private\Canvas_Item.cpp">
      <Filter>02.GameObjects\UI\Front_UI\Item</Filter>
    </ClCompile>
    <ClCompile Include="..\private\Canvas_PlayerInfo.cpp">
      <Filter>02.GameObjects\UI\Front_UI\PlayerInfo</Filter>
    </ClCompile>
    <ClCompile Include="..\private\Canvas_SASInfo.cpp">
      <Filter>02.GameObjects\UI\Front_UI\SASInfo</Filter>
    </ClCompile>
    <ClCompile Include="..\private\Canvas_SASSkill.cpp">
      <Filter>02.GameObjects\UI\Front_UI\SASSkill</Filter>
    </ClCompile>
    <ClCompile Include="..\private\SASSkillIconUI.cpp">
      <Filter>02.GameObjects\UI\Front_UI\SASSkill</Filter>
    </ClCompile>
    <ClCompile Include="..\private\SASSkillGaugeUI.cpp">
      <Filter>02.GameObjects\UI\Front_UI\SASSkill</Filter>
    </ClCompile>
    <ClCompile Include="..\private\SASSkillLightUI.cpp">
      <Filter>02.GameObjects\UI\Front_UI\SASSkill</Filter>
    </ClCompile>
    <ClCompile Include="..\private\SASSkillFullCircleUI.cpp">
      <Filter>02.GameObjects\UI\Front_UI\SASSkill</Filter>
    </ClCompile>
    <ClCompile Include="..\private\Camera_Player.cpp">
      <Filter>02.GameObjects\Camera</Filter>
    </ClCompile>
    <ClCompile Include="..\private\CamSpot.cpp">
      <Filter>02.GameObjects\Camera\CamSpot</Filter>
    </ClCompile>
    <ClCompile Include="..\private\TestMonster.cpp">
      <Filter>02.GameObjects\Monster\TestMonster%28Goat%29</Filter>
    </ClCompile>
    <ClCompile Include="..\private\Level_EnemiesTest.cpp">
      <Filter>01.Levels\50.MonsterTest</Filter>
    </ClCompile>
    <ClCompile Include="..\private\FlowerLeg.cpp">
      <Filter>02.GameObjects\Monster\FlowerLeg</Filter>
    </ClCompile>
    <ClCompile Include="..\private\BuddyLumi.cpp">
      <Filter>02.GameObjects\Monster\BuddyLumi</Filter>
    </ClCompile>
    <ClCompile Include="..\private\BdLm_AnimInstance.cpp">
      <Filter>02.GameObjects\Monster\BuddyLumi\BdLm_AnimInstance</Filter>
    </ClCompile>
    <ClCompile Include="..\private\FL_AnimInstance.cpp">
      <Filter>02.GameObjects\Monster\FlowerLeg\FL_AnimInstance</Filter>
    </ClCompile>
    <ClCompile Include="..\private\Level_Tutorial.cpp">
      <Filter>01.Levels\02.GamePlay\01.Tutorial</Filter>
    </ClCompile>
    <ClCompile Include="..\private\TestObject.cpp">
      <Filter>96.Test</Filter>
    </ClCompile>
    <ClCompile Include="..\private\SkummyPool.cpp">
      <Filter>02.GameObjects\Monster\SkummyPool</Filter>
    </ClCompile>
    <ClCompile Include="..\private\SkmP_AnimInstance.cpp">
      <Filter>02.GameObjects\Monster\SkummyPool\SkmP_AnimInstance</Filter>
    </ClCompile>
    <ClCompile Include="..\private\Monster.cpp" />
    <ClCompile Include="..\private\ScarletCharacter.cpp" />
    <ClCompile Include="..\private\MapNonAnim_Object.cpp" />
    <ClCompile Include="..\private\MapObject.cpp" />
    <ClCompile Include="..\private\Psychokinesis.cpp" />
    <ClCompile Include="..\private\SASSkillDefaultUI.cpp">
      <Filter>02.GameObjects\UI\Front_UI\SASSkill</Filter>
    </ClCompile>
  </ItemGroup>
  <ItemGroup>
    <Image Include="Client.ico">
      <Filter>98.Default</Filter>
    </Image>
    <Image Include="small.ico">
      <Filter>98.Default</Filter>
    </Image>
  </ItemGroup>
  <ItemGroup>
    <ResourceCompile Include="Client.rc">
      <Filter>98.Default</Filter>
    </ResourceCompile>
  </ItemGroup>
  <ItemGroup>
    <FxCompile Include="..\Bin\ShaderFiles\Shader_VtxTex.hlsl">
      <Filter>97.ShaderFiles</Filter>
    </FxCompile>
    <FxCompile Include="..\Bin\ShaderFiles\Shader_VtxNorTex.hlsl">
      <Filter>97.ShaderFiles</Filter>
    </FxCompile>
    <FxCompile Include="..\Bin\ShaderFiles\Shader_VtxModel.hlsl">
      <Filter>97.ShaderFiles</Filter>
    </FxCompile>
    <FxCompile Include="..\Bin\ShaderFiles\Shader_VtxAnimModel.hlsl">
      <Filter>97.ShaderFiles</Filter>
    </FxCompile>
    <FxCompile Include="..\Bin\ShaderFiles\Shader_VtxPosRect.hlsl">
      <Filter>97.ShaderFiles</Filter>
    </FxCompile>
    <FxCompile Include="..\Bin\ShaderFiles\Shader_Navigation.hlsl">
      <Filter>97.ShaderFiles</Filter>
    </FxCompile>
    <FxCompile Include="..\Bin\ShaderFiles\Shader_VtxNorSkyBox.hlsl">
      <Filter>97.ShaderFiles</Filter>
    </FxCompile>
    <FxCompile Include="..\Bin\ShaderFiles\Shader_VtxNor.hlsl">
      <Filter>97.ShaderFiles</Filter>
    </FxCompile>
    <FxCompile Include="..\Bin\ShaderFiles\Shader_VtxPointInstance.hlsl">
      <Filter>97.ShaderFiles</Filter>
    </FxCompile>
    <FxCompile Include="..\Bin\ShaderFiles\Shader_VtxTex_UI.hlsl">
      <Filter>97.ShaderFiles\UI</Filter>
    </FxCompile>
    <FxCompile Include="..\Bin\ShaderFiles\Shader_Deferred.hlsl">
      <Filter>97.ShaderFiles</Filter>
    </FxCompile>
    <FxCompile Include="..\Bin\ShaderFiles\Shader_VtxTex_VFX.hlsl">
      <Filter>97.ShaderFiles\VFX</Filter>
    </FxCompile>
    <FxCompile Include="..\Bin\ShaderFiles\Shader_VtxModel_VFX.hlsl">
      <Filter>97.ShaderFiles\VFX</Filter>
    </FxCompile>
    <FxCompile Include="..\Bin\ShaderFiles\Shader_VtxPointInstanceTrail_VFX.hlsl">
      <Filter>97.ShaderFiles\VFX</Filter>
    </FxCompile>
    <FxCompile Include="..\Bin\ShaderFiles\PostFX.hlsl">
      <Filter>97.ShaderFiles\PostProcess\HDR</Filter>
    </FxCompile>
    <FxCompile Include="..\Bin\ShaderFiles\PostDownScaleFX.hlsl">
      <Filter>97.ShaderFiles\PostProcess\HDR</Filter>
    </FxCompile>
    <FxCompile Include="..\Bin\ShaderFiles\Blur.hlsl">
      <Filter>97.ShaderFiles\PostProcess\HDR</Filter>
    </FxCompile>
    <FxCompile Include="..\Bin\ShaderFiles\Shader_VtxNorTex_VFX.hlsl">
      <Filter>97.ShaderFiles\VFX</Filter>
    </FxCompile>
    <FxCompile Include="..\Bin\ShaderFiles\Shader_PostProcessVFX.hlsl">
      <Filter>97.ShaderFiles\VFX</Filter>
    </FxCompile>
    <FxCompile Include="..\Bin\ShaderFiles\Shader_VtxCube_SSDecal.hlsl">
      <Filter>97.ShaderFiles</Filter>
    </FxCompile>
    <FxCompile Include="..\Bin\ShaderFiles\Shader_VtxAnimModel_Shadow.hlsl">
      <Filter>97.ShaderFiles\Shadow</Filter>
    </FxCompile>
    <FxCompile Include="..\Bin\ShaderFiles\Shader_VtxModel_Shadow.hlsl">
      <Filter>97.ShaderFiles\Shadow</Filter>
    </FxCompile>
    <FxCompile Include="..\Bin\ShaderFiles\Shader_VtxPointInstance_ParticleSystem.hlsl">
      <Filter>97.ShaderFiles\VFX</Filter>
    </FxCompile>
  </ItemGroup>
</Project>